# THIS IS AN AUTOGENERATED FILE. DO NOT EDIT THIS FILE DIRECTLY.
# yarn lockfile v1


"@babel/code-frame@^7.0.0":
  version "7.16.7"
  resolved "https://registry.yarnpkg.com/@babel/code-frame/-/code-frame-7.16.7.tgz#44416b6bd7624b998f5b1af5d470856c40138789"
  integrity sha512-iAXqUn8IIeBTNd72xsFlgaXHkMBMt6y4HJp1tIaK465CWLT/fG1aqB7ykr95gHHmlBdGbFeWWfyB4NJJ0nmeIg==
  dependencies:
    "@babel/highlight" "^7.16.7"

"@babel/helper-validator-identifier@^7.16.7":
  version "7.16.7"
  resolved "https://registry.yarnpkg.com/@babel/helper-validator-identifier/-/helper-validator-identifier-7.16.7.tgz#e8c602438c4a8195751243da9031d1607d247cad"
  integrity sha512-hsEnFemeiW4D08A5gUAZxLBTXpZ39P+a+DGDsHw1yxqyQ/jzFEnxf5uTEGp+3bzAbNOxU1paTgYS4ECU/IgfDw==

"@babel/highlight@^7.16.7":
  version "7.16.10"
  resolved "https://registry.yarnpkg.com/@babel/highlight/-/highlight-7.16.10.tgz#744f2eb81579d6eea753c227b0f570ad785aba88"
  integrity sha512-5FnTQLSLswEj6IkgVw5KusNUUFY9ZGqe/TRFnP/BKYHYgfh7tc+C7mwiy95/yNP7Dh9x580Vv8r7u7ZfTBFxdw==
  dependencies:
    "@babel/helper-validator-identifier" "^7.16.7"
    chalk "^2.0.0"
    js-tokens "^4.0.0"

"@babel/runtime@^7.16.3", "@babel/runtime@^7.16.7":
  version "7.16.7"
  resolved "https://registry.yarnpkg.com/@babel/runtime/-/runtime-7.16.7.tgz#03ff99f64106588c9c403c6ecb8c3bafbbdff1fa"
  integrity sha512-9E9FJowqAsytyOY6LG+1KuueckRL+aQW+mKvXRXnuFGyRAyepJPmEo9vgMfXUA6O9u3IeEdv9MAkppFcaQwogQ==
  dependencies:
    regenerator-runtime "^0.13.4"

"@noble/hashes@0.5.7":
  version "0.5.7"
  resolved "https://registry.yarnpkg.com/@noble/hashes/-/hashes-0.5.7.tgz#8605d84b34daf43d15c344fae54f0a1d5d5a4632"
  integrity sha512-R9PPYv7TqoYi+enikzZvwRQesGTxR0+jwqzZJGL0uNcf2NFL+lt/uvCCewtXXmr6jWBxiMuNjBfJwKv9UJaCng==

"@noble/secp256k1@1.3.4":
  version "1.3.4"
  resolved "https://registry.yarnpkg.com/@noble/secp256k1/-/secp256k1-1.3.4.tgz#158ded712d09237c0d3428be60dc01ce8ebab9fb"
  integrity sha512-ZVRouDO5mbdCiDg4zCd3ZZABduRtpy4tCnB33Gh9upHe9tRzpiqbRSN1VTjrj/2g8u2c6MBi0YLNnNQpBYOiWg==

"@polkadot/api-augment@7.5.1":
  version "7.5.1"
  resolved "https://registry.yarnpkg.com/@polkadot/api-augment/-/api-augment-7.5.1.tgz#e23acadfb51af4c858f144d25f9354cea35989a7"
  integrity sha512-2sj+D8gvyo9ijqFFqJS5meaMVRllr5fWnE440nACsXIbcbHuXRWAF9tWdhESOIfue7hlFLo5plDdRfU7cSjIZQ==
  dependencies:
    "@babel/runtime" "^7.16.7"
    "@polkadot/api-base" "7.5.1"
    "@polkadot/rpc-augment" "7.5.1"
    "@polkadot/types" "7.5.1"
    "@polkadot/types-augment" "7.5.1"
    "@polkadot/types-codec" "7.5.1"
    "@polkadot/util" "^8.3.3"

"@polkadot/api-base@7.5.1":
  version "7.5.1"
  resolved "https://registry.yarnpkg.com/@polkadot/api-base/-/api-base-7.5.1.tgz#001a5b40af15e3a3be150fe0d57533b2ee4cc790"
  integrity sha512-vqMjmMOQuYLSwfTHTgmvPBtF6eAgrlyuBw0t0IiaTDfjP6xRRGMDIVb7lJCqvYL0VrHmTC7X5MVbJn1SNUut9w==
  dependencies:
    "@babel/runtime" "^7.16.7"
    "@polkadot/rpc-core" "7.5.1"
    "@polkadot/types" "7.5.1"
    "@polkadot/util" "^8.3.3"
    rxjs "^7.5.2"

"@polkadot/api-derive@7.5.1":
  version "7.5.1"
  resolved "https://registry.yarnpkg.com/@polkadot/api-derive/-/api-derive-7.5.1.tgz#a8ec483896ddf4532ec9b3551050f417a39c8009"
  integrity sha512-O4x/DG+sSWgbXYGuYm4d3iYMTv5WTzoX5HX/xAIG+H+g7ob5RDdyLW9oQowrOX9ZOKt1cHPbHi0dLj+hDOD1CQ==
  dependencies:
    "@babel/runtime" "^7.16.7"
    "@polkadot/api" "7.5.1"
    "@polkadot/api-augment" "7.5.1"
    "@polkadot/api-base" "7.5.1"
    "@polkadot/rpc-core" "7.5.1"
    "@polkadot/types" "7.5.1"
    "@polkadot/types-codec" "7.5.1"
    "@polkadot/util" "^8.3.3"
    "@polkadot/util-crypto" "^8.3.3"
    rxjs "^7.5.2"

"@polkadot/api@7.5.1", "@polkadot/api@^7.5.1":
  version "7.5.1"
  resolved "https://registry.yarnpkg.com/@polkadot/api/-/api-7.5.1.tgz#c8f67b2669303ea2fbf017521f94568fd97d0876"
  integrity sha512-/3AI4Kbznt289+swtiFEYiX+XR9d+qzHhL8XxEzcqQudw2ElrfpLTAx3RzTUEEeEfwwPGmNVWPWaG4egUPsosQ==
  dependencies:
    "@babel/runtime" "^7.16.7"
    "@polkadot/api-augment" "7.5.1"
    "@polkadot/api-base" "7.5.1"
    "@polkadot/api-derive" "7.5.1"
    "@polkadot/keyring" "^8.3.3"
    "@polkadot/rpc-augment" "7.5.1"
    "@polkadot/rpc-core" "7.5.1"
    "@polkadot/rpc-provider" "7.5.1"
    "@polkadot/types" "7.5.1"
    "@polkadot/types-augment" "7.5.1"
    "@polkadot/types-codec" "7.5.1"
    "@polkadot/types-create" "7.5.1"
    "@polkadot/types-known" "7.5.1"
    "@polkadot/util" "^8.3.3"
    "@polkadot/util-crypto" "^8.3.3"
    eventemitter3 "^4.0.7"
    rxjs "^7.5.2"

"@polkadot/keyring@^8.3.3":
  version "8.3.3"
  resolved "https://registry.yarnpkg.com/@polkadot/keyring/-/keyring-8.3.3.tgz#931c809f9a3b092231b2d319007e02e64bec8f21"
  integrity sha512-TgoIpaTqn7voT7lDu5W6p0Z+216OImpqtHuaiFy125ekCQurrf9BVIdwp56y5qoFLDAZ5i9gnWHMIgOQ6AJj/Q==
  dependencies:
    "@babel/runtime" "^7.16.7"
    "@polkadot/util" "8.3.3"
    "@polkadot/util-crypto" "8.3.3"

"@polkadot/networks@8.3.3", "@polkadot/networks@^8.3.3":
  version "8.3.3"
  resolved "https://registry.yarnpkg.com/@polkadot/networks/-/networks-8.3.3.tgz#2def73213451f12bc940b0c9ce8942aebbe5d4a8"
  integrity sha512-yj0DMqmzRZbvgaoZztV3/RPgYJjBhT17Dhu+FX/LUJzVbAF/RfjkzNsJT4Ta4kLDxQMYZq1avUac0ia2j9NcNw==
  dependencies:
    "@babel/runtime" "^7.16.7"
    "@polkadot/util" "8.3.3"

"@polkadot/rpc-augment@7.5.1":
  version "7.5.1"
  resolved "https://registry.yarnpkg.com/@polkadot/rpc-augment/-/rpc-augment-7.5.1.tgz#950852757470e5946f6c6633582ef5063c9ef5d2"
  integrity sha512-LPTDjtBZJe5KIOErOW+h2HY85G57WZVOiwm+SOgJ6J5g+BnUD0Rv+VH9pGC8dfoUsYBHSSvFELLnoTIZw6jltg==
  dependencies:
    "@babel/runtime" "^7.16.7"
    "@polkadot/rpc-core" "7.5.1"
    "@polkadot/types" "7.5.1"
    "@polkadot/types-codec" "7.5.1"
    "@polkadot/util" "^8.3.3"

"@polkadot/rpc-core@7.5.1":
  version "7.5.1"
  resolved "https://registry.yarnpkg.com/@polkadot/rpc-core/-/rpc-core-7.5.1.tgz#447a662a7ee401eb6c5b82fea2daa08c313b1a98"
  integrity sha512-/UN7fQSqGnyjd5W0fFZ2RDBxAYoS8UreIea0eu+Zz4t6D2Fjp1syHNkw710wuv6ALhaRUjW6USO8XNSHDBIz+w==
  dependencies:
    "@babel/runtime" "^7.16.7"
    "@polkadot/rpc-augment" "7.5.1"
    "@polkadot/rpc-provider" "7.5.1"
    "@polkadot/types" "7.5.1"
    "@polkadot/util" "^8.3.3"
    rxjs "^7.5.2"

"@polkadot/rpc-provider@7.5.1":
  version "7.5.1"
  resolved "https://registry.yarnpkg.com/@polkadot/rpc-provider/-/rpc-provider-7.5.1.tgz#313af05a0a55a98bd1251d10d8604c71bd24a8db"
  integrity sha512-6t5PyEDFBYJiK1/oegQkET4DnKdfk/mskELOVflDd4sLN+mXSAUW4DvS+KiVldHfUBtMQqX/w3p7x26xmWjmqQ==
  dependencies:
    "@babel/runtime" "^7.16.7"
    "@polkadot/keyring" "^8.3.3"
    "@polkadot/types" "7.5.1"
    "@polkadot/types-support" "7.5.1"
    "@polkadot/util" "^8.3.3"
    "@polkadot/util-crypto" "^8.3.3"
    "@polkadot/x-fetch" "^8.3.3"
    "@polkadot/x-global" "^8.3.3"
    "@polkadot/x-ws" "^8.3.3"
    eventemitter3 "^4.0.7"
    mock-socket "^9.1.0"
    nock "^13.2.2"

"@polkadot/types-augment@7.5.1":
  version "7.5.1"
  resolved "https://registry.yarnpkg.com/@polkadot/types-augment/-/types-augment-7.5.1.tgz#1712fcb8409873499f08157ecac0026867238747"
  integrity sha512-YWXYfc0a2AOb2naG2uWAHkTuGvfPz8hrKv3UMTWUrCok/kVbUovqSXoBAORaX+tphpaKbEuBnBtBhk2cXP6KWA==
  dependencies:
    "@babel/runtime" "^7.16.7"
    "@polkadot/types" "7.5.1"
    "@polkadot/types-codec" "7.5.1"
    "@polkadot/util" "^8.3.3"

"@polkadot/types-codec@7.5.1":
  version "7.5.1"
  resolved "https://registry.yarnpkg.com/@polkadot/types-codec/-/types-codec-7.5.1.tgz#23ffe0da0246f926341d1cd5acf1ef8c37052b2f"
  integrity sha512-+MClbgg0sbEIsPnqVf1wVzR5qPCE5Xb+QXkwawx86mIyxb4eptdBnU0CFgHVcrNnKx6EcaUZWQgz17UxtmTWaA==
  dependencies:
    "@babel/runtime" "^7.16.7"
    "@polkadot/util" "^8.3.3"

"@polkadot/types-create@7.5.1":
  version "7.5.1"
  resolved "https://registry.yarnpkg.com/@polkadot/types-create/-/types-create-7.5.1.tgz#bced4ed0b26c5aa802dae406306049187dee4d20"
  integrity sha512-OCsdDp4vd/6yNThTEmjbndHks4VHlfeuNwcQQN2NcM4Gs072LnuDTbRgFHAqvcSKB0SVOiWoy/UxkktLE+0w2Q==
  dependencies:
    "@babel/runtime" "^7.16.7"
    "@polkadot/types-codec" "7.5.1"
    "@polkadot/util" "^8.3.3"

"@polkadot/types-known@7.5.1":
  version "7.5.1"
  resolved "https://registry.yarnpkg.com/@polkadot/types-known/-/types-known-7.5.1.tgz#1b61091bb9fd1a731dd5bcb64fd36ea7aeb89a86"
  integrity sha512-mECocUHbvb/ly5KOu+nKfqXAEKzYxkflO4xQflaEpcCIxtqBmy8AXSvyD8Dl5LFrBwHqnRbtXaPETCOYn1LWPg==
  dependencies:
    "@babel/runtime" "^7.16.7"
    "@polkadot/networks" "^8.3.3"
    "@polkadot/types" "7.5.1"
    "@polkadot/types-codec" "7.5.1"
    "@polkadot/types-create" "7.5.1"
    "@polkadot/util" "^8.3.3"

"@polkadot/types-support@7.5.1":
  version "7.5.1"
  resolved "https://registry.yarnpkg.com/@polkadot/types-support/-/types-support-7.5.1.tgz#a8deabc09d301e152c60aba825103dba0748f685"
  integrity sha512-6LrYMQVF6G9+r1mnYpSGX6irN0eG5OQQRb2YXX4wtYT3JIU+G9EK0NjLngSDf0KMMm80aD0hFKYF0DcuQSGk+A==
  dependencies:
    "@babel/runtime" "^7.16.7"
    "@polkadot/util" "^8.3.3"

"@polkadot/types@7.5.1":
  version "7.5.1"
  resolved "https://registry.yarnpkg.com/@polkadot/types/-/types-7.5.1.tgz#1bb1fc33da97bb349e3e449b091ac54c714141f2"
  integrity sha512-71KY3Ia8AZywb0wWP0F588qFJbQMcgZqqP/dw6RP1A5ja2pR5SnqRP/zcaSena1cm9f24rAxgxiluOzzJxrfsA==
  dependencies:
    "@babel/runtime" "^7.16.7"
    "@polkadot/keyring" "^8.3.3"
    "@polkadot/types-augment" "7.5.1"
    "@polkadot/types-codec" "7.5.1"
    "@polkadot/types-create" "7.5.1"
    "@polkadot/util" "^8.3.3"
    "@polkadot/util-crypto" "^8.3.3"
    rxjs "^7.5.2"

"@polkadot/util-crypto@8.3.3", "@polkadot/util-crypto@^8.3.3":
  version "8.3.3"
  resolved "https://registry.yarnpkg.com/@polkadot/util-crypto/-/util-crypto-8.3.3.tgz#684a04c26bd390a150e83fe34840d9e219a22d24"
  integrity sha512-kXaT2VTEbJq1wNiV0Dz5qJuVWy7pK+x1QLcyWC+6OFERYO+BCp1Y2bTOcLUeF/gyyR/ZaRMMdTyu0ZbHrwH0xg==
  dependencies:
    "@babel/runtime" "^7.16.7"
    "@noble/hashes" "0.5.7"
    "@noble/secp256k1" "1.3.4"
    "@polkadot/networks" "8.3.3"
    "@polkadot/util" "8.3.3"
    "@polkadot/wasm-crypto" "^4.5.1"
    "@polkadot/x-bigint" "8.3.3"
    "@polkadot/x-randomvalues" "8.3.3"
    ed2curve "^0.3.0"
    micro-base "^0.10.2"
    tweetnacl "^1.0.3"

"@polkadot/util@8.3.3", "@polkadot/util@^8.3.3":
  version "8.3.3"
  resolved "https://registry.yarnpkg.com/@polkadot/util/-/util-8.3.3.tgz#0bd79f771a82a8276b0ca0e713068d23ee53abf2"
  integrity sha512-8u1NShSHrCFeFvxWL8WAyRN8y1/iPvijqYCDeeHziBxCNBrL3VKDc9GNF11skeay/EKQiCHBSBeAYyyQOpLebA==
  dependencies:
    "@babel/runtime" "^7.16.7"
    "@polkadot/x-bigint" "8.3.3"
    "@polkadot/x-global" "8.3.3"
    "@polkadot/x-textdecoder" "8.3.3"
    "@polkadot/x-textencoder" "8.3.3"
    "@types/bn.js" "^4.11.6"
    bn.js "^4.12.0"
    ip-regex "^4.3.0"

"@polkadot/wasm-crypto-asmjs@^4.5.1":
  version "4.5.1"
  resolved "https://registry.yarnpkg.com/@polkadot/wasm-crypto-asmjs/-/wasm-crypto-asmjs-4.5.1.tgz#e1025a49e106db11d1187caf65f56c960ea2ad2b"
  integrity sha512-DOdRiWhxVvmqTvp+E9z1j+Yr0zDOGsDvqnT/eNw0Dl1FVUOImsEa7FKns/urASmcxCVEE1jtUWSnij29jrORMQ==
  dependencies:
    "@babel/runtime" "^7.16.3"

"@polkadot/wasm-crypto-wasm@^4.5.1":
  version "4.5.1"
  resolved "https://registry.yarnpkg.com/@polkadot/wasm-crypto-wasm/-/wasm-crypto-wasm-4.5.1.tgz#063a58ff7ddd939b7886a6a238109a8d2c416e46"
  integrity sha512-hPwke85HxpgG/RAlwdCE8u5w7bThvWg399mlB+XjogXMxOUWBZSgq2XYbgzROUXx27inK9nStF4Pnc4zJnqs9A==
  dependencies:
    "@babel/runtime" "^7.16.3"

"@polkadot/wasm-crypto@^4.5.1":
  version "4.5.1"
  resolved "https://registry.yarnpkg.com/@polkadot/wasm-crypto/-/wasm-crypto-4.5.1.tgz#e1ac6d846a0ad8e991cec128994524183ef6e8fd"
  integrity sha512-Cr21ais3Kq3aedIHZ3J1tjgeD/+K8FCiwEawr0oRywNBSJR8wyuZMePs4swR/6xm8wbBkpqoBVHz/UQHqqQJmA==
  dependencies:
    "@babel/runtime" "^7.16.3"
    "@polkadot/wasm-crypto-asmjs" "^4.5.1"
    "@polkadot/wasm-crypto-wasm" "^4.5.1"

"@polkadot/x-bigint@8.3.3":
  version "8.3.3"
  resolved "https://registry.yarnpkg.com/@polkadot/x-bigint/-/x-bigint-8.3.3.tgz#3787c4cbfc996bda05c342a80c04bd58a1beaf4b"
  integrity sha512-2CT25f0zN/uhch3KpM38jtQfFJ1zJCNT41exg49ztsOvm4f6l+6hW91NLhNAZ313B/c6Z4Lm3DalsjAOdBZ8Nw==
  dependencies:
    "@babel/runtime" "^7.16.7"
    "@polkadot/x-global" "8.3.3"

"@polkadot/x-fetch@^8.3.3":
  version "8.3.3"
  resolved "https://registry.yarnpkg.com/@polkadot/x-fetch/-/x-fetch-8.3.3.tgz#8c81b928868efd573219c231b25f0bcc38107a1b"
  integrity sha512-+ScnWnt0i1IF+fM9IC+OnjkTi5NonK+ji8q861hwkNCtK2ziibibcD3mGavCA6wZvij4wUTovWEsTc5Su0+KTA==
  dependencies:
    "@babel/runtime" "^7.16.7"
    "@polkadot/x-global" "8.3.3"
    "@types/node-fetch" "^2.5.12"
    node-fetch "^2.6.7"

"@polkadot/x-global@8.3.3", "@polkadot/x-global@^8.3.3":
  version "8.3.3"
  resolved "https://registry.yarnpkg.com/@polkadot/x-global/-/x-global-8.3.3.tgz#ee2f4a0acd46626bc04174e1bf966478a2feef94"
  integrity sha512-7DWjcNhTDIpYNiQmLq56o6xYOONr0i6WXdoPUxYrToxZWeWyj/FWaYMfttedLydABPcy87lmvIy8ECp7qCcnyw==
  dependencies:
    "@babel/runtime" "^7.16.7"

"@polkadot/x-randomvalues@8.3.3":
  version "8.3.3"
  resolved "https://registry.yarnpkg.com/@polkadot/x-randomvalues/-/x-randomvalues-8.3.3.tgz#29f855d903fdcac1cb42cacbbc85ca5db7eaccd8"
  integrity sha512-yxM6GWQholf+vY4dHxKVwtJwDzNUz4UJlL/iN3PA0cuhQ37gxmtJugnNAllcFd8LDNXEN47Ky6Ifw1OHHmZaVw==
  dependencies:
    "@babel/runtime" "^7.16.7"
    "@polkadot/x-global" "8.3.3"

"@polkadot/x-textdecoder@8.3.3":
  version "8.3.3"
  resolved "https://registry.yarnpkg.com/@polkadot/x-textdecoder/-/x-textdecoder-8.3.3.tgz#d2ef1c63c712f015489025eb95e01a466a5614a7"
  integrity sha512-oEvFJv/F+fQ336ciRuJJgJFtfyOX6a2Nyr/5GCkiSQjkEIdnBUuO49yXpHNmQsNI0WndLWIEitiVVa9KuDslYw==
  dependencies:
    "@babel/runtime" "^7.16.7"
    "@polkadot/x-global" "8.3.3"

"@polkadot/x-textencoder@8.3.3":
  version "8.3.3"
  resolved "https://registry.yarnpkg.com/@polkadot/x-textencoder/-/x-textencoder-8.3.3.tgz#f59bf164fcd5ca9899c61065f36911cabec7c9f8"
  integrity sha512-acVsJjmlQ7aluUq8JARY2wJAbf+6dvZNoUrvgzdX/jl5MqvqeIXmX3LX71MyidLt27Z537VDgNzWw8V/524AVQ==
  dependencies:
    "@babel/runtime" "^7.16.7"
    "@polkadot/x-global" "8.3.3"

"@polkadot/x-ws@^8.3.3":
  version "8.3.3"
  resolved "https://registry.yarnpkg.com/@polkadot/x-ws/-/x-ws-8.3.3.tgz#ab06d87637cb9b86fa341cc95e52f06cc4265d74"
  integrity sha512-Dd0kscZSb7MULVqo5isPZyqvErvgE7lYIwZ4IA0rNdgUWi3mrJWeeWrzVMxC6nbg6q1ahIEGxxZLMVzeI3u/Ew==
  dependencies:
    "@babel/runtime" "^7.16.7"
    "@polkadot/x-global" "8.3.3"
    "@types/websocket" "^1.0.4"
    websocket "^1.0.34"

"@types/bn.js@^4.11.6":
  version "4.11.6"
  resolved "https://registry.yarnpkg.com/@types/bn.js/-/bn.js-4.11.6.tgz#c306c70d9358aaea33cd4eda092a742b9505967c"
  integrity sha512-pqr857jrp2kPuO9uRjZ3PwnJTjoQy+fcdxvBTvHm6dkmEL9q+hDD/2j/0ELOBPtPnS8LjCX0gI9nbl8lVkadpg==
  dependencies:
    "@types/node" "*"

"@types/node-fetch@^2.5.12":
  version "2.5.12"
  resolved "https://registry.yarnpkg.com/@types/node-fetch/-/node-fetch-2.5.12.tgz#8a6f779b1d4e60b7a57fb6fd48d84fb545b9cc66"
  integrity sha512-MKgC4dlq4kKNa/mYrwpKfzQMB5X3ee5U6fSprkKpToBqBmX4nFZL9cW5jl6sWn+xpRJ7ypWh2yyqqr8UUCstSw==
  dependencies:
    "@types/node" "*"
    form-data "^3.0.0"

"@types/node@*":
  version "17.0.10"
  resolved "https://registry.yarnpkg.com/@types/node/-/node-17.0.10.tgz#616f16e9d3a2a3d618136b1be244315d95bd7cab"
  integrity sha512-S/3xB4KzyFxYGCppyDt68yzBU9ysL88lSdIah4D6cptdcltc4NCPCAMc0+PCpg/lLIyC7IPvj2Z52OJWeIUkog==

"@types/websocket@^1.0.4":
  version "1.0.4"
  resolved "https://registry.yarnpkg.com/@types/websocket/-/websocket-1.0.4.tgz#1dc497280d8049a5450854dd698ee7e6ea9e60b8"
  integrity sha512-qn1LkcFEKK8RPp459jkjzsfpbsx36BBt3oC3pITYtkoBw/aVX+EZFa5j3ThCRTNpLFvIMr5dSTD4RaMdilIOpA==
  dependencies:
    "@types/node" "*"

ansi-styles@^3.2.1:
  version "3.2.1"
  resolved "https://registry.yarnpkg.com/ansi-styles/-/ansi-styles-3.2.1.tgz#41fbb20243e50b12be0f04b8dedbf07520ce841d"
  integrity sha512-VT0ZI6kZRdTh8YyJw3SMbYm/u+NqfsAxEpWO0Pf9sq8/e94WxxOpPKx9FR1FlyCtOVDNOQ+8ntlqFxiRc+r5qA==
  dependencies:
    color-convert "^1.9.0"

argparse@^1.0.7:
  version "1.0.10"
  resolved "https://registry.yarnpkg.com/argparse/-/argparse-1.0.10.tgz#bcd6791ea5ae09725e17e5ad988134cd40b3d911"
  integrity sha512-o5Roy6tNG4SL/FOkCAN6RzjiakZS25RLYFrcMttJqbdd8BWrnA+fGz57iN5Pb06pvBGvl5gQ0B48dJlslXvoTg==
  dependencies:
    sprintf-js "~1.0.2"

asynckit@^0.4.0:
  version "0.4.0"
  resolved "https://registry.yarnpkg.com/asynckit/-/asynckit-0.4.0.tgz#c79ed97f7f34cb8f2ba1bc9790bcc366474b4b79"
  integrity sha1-x57Zf380y48robyXkLzDZkdLS3k=

balanced-match@^1.0.0:
  version "1.0.2"
  resolved "https://registry.yarnpkg.com/balanced-match/-/balanced-match-1.0.2.tgz#e83e3a7e3f300b34cb9d87f615fa0cbf357690ee"
  integrity sha512-3oSeUO0TMV67hN1AmbXsK4yaqU7tjiHlbxRDZOpH0KW9+CeX4bRAaX0Anxt0tx2MrpRpWwQaPwIlISEJhYU5Pw==

bn.js@^4.12.0:
  version "4.12.0"
  resolved "https://registry.yarnpkg.com/bn.js/-/bn.js-4.12.0.tgz#775b3f278efbb9718eec7361f483fb36fbbfea88"
  integrity sha512-c98Bf3tPniI+scsdk237ku1Dc3ujXQTSgyiPUDEOe7tRkhrqridvh8klBv0HCEso1OLOYcHuCv/cS6DNxKH+ZA==

brace-expansion@^1.1.7:
  version "1.1.11"
  resolved "https://registry.yarnpkg.com/brace-expansion/-/brace-expansion-1.1.11.tgz#3c7fcbf529d87226f3d2f52b966ff5271eb441dd"
  integrity sha512-iCuPHDFgrHX7H2vEI/5xpz07zSHB00TpugqhmYtVmMO6518mCuRMoOYFldEBl0g187ufozdaHgWKcYFb61qGiA==
  dependencies:
    balanced-match "^1.0.0"
    concat-map "0.0.1"

bufferutil@^4.0.1:
  version "4.0.6"
  resolved "https://registry.yarnpkg.com/bufferutil/-/bufferutil-4.0.6.tgz#ebd6c67c7922a0e902f053e5d8be5ec850e48433"
  integrity sha512-jduaYOYtnio4aIAyc6UbvPCVcgq7nYpVnucyxr6eCYg/Woad9Hf/oxxBRDnGGjPfjUm6j5O/uBWhIu4iLebFaw==
  dependencies:
    node-gyp-build "^4.3.0"

builtin-modules@^1.1.1:
  version "1.1.1"
  resolved "https://registry.yarnpkg.com/builtin-modules/-/builtin-modules-1.1.1.tgz#270f076c5a72c02f5b65a47df94c5fe3a278892f"
  integrity sha1-Jw8HbFpywC9bZaR9+Uxf46J4iS8=

chalk@^2.0.0, chalk@^2.3.0:
  version "2.4.2"
  resolved "https://registry.yarnpkg.com/chalk/-/chalk-2.4.2.tgz#cd42541677a54333cf541a49108c1432b44c9424"
  integrity sha512-Mti+f9lpJNcwF4tWV8/OrTTtF1gZi+f8FqlyAdouralcFWFQWF2+NgCHShjkCb+IFBLq9buZwE1xckQU4peSuQ==
  dependencies:
    ansi-styles "^3.2.1"
    escape-string-regexp "^1.0.5"
    supports-color "^5.3.0"

color-convert@^1.9.0:
  version "1.9.3"
  resolved "https://registry.yarnpkg.com/color-convert/-/color-convert-1.9.3.tgz#bb71850690e1f136567de629d2d5471deda4c1e8"
  integrity sha512-QfAUtd+vFdAtFQcC8CCyYt1fYWxSqAiK2cSD6zDB8N3cpsEBAvRxp9zOGg6G/SHHJYAT88/az/IuDGALsNVbGg==
  dependencies:
    color-name "1.1.3"

color-name@1.1.3:
  version "1.1.3"
  resolved "https://registry.yarnpkg.com/color-name/-/color-name-1.1.3.tgz#a7d0558bd89c42f795dd42328f740831ca53bc25"
  integrity sha1-p9BVi9icQveV3UIyj3QIMcpTvCU=

combined-stream@^1.0.8:
  version "1.0.8"
  resolved "https://registry.yarnpkg.com/combined-stream/-/combined-stream-1.0.8.tgz#c3d45a8b34fd730631a110a8a2520682b31d5a7f"
  integrity sha512-FQN4MRfuJeHf7cBbBMJFXhKSDq+2kAArBlmRBvcvFE5BB1HZKXtSFASDhdlz9zOYwxh8lDdnvmMOe/+5cdoEdg==
  dependencies:
    delayed-stream "~1.0.0"

commander@^2.12.1:
  version "2.20.3"
  resolved "https://registry.yarnpkg.com/commander/-/commander-2.20.3.tgz#fd485e84c03eb4881c20722ba48035e8531aeb33"
  integrity sha512-GpVkmM8vF2vQUkj2LvZmD35JxeJOLCwJ9cUkugyk2nuhbv3+mJvpLYYt+0+USMxE+oj+ey/lJEnhZw75x/OMcQ==

concat-map@0.0.1:
  version "0.0.1"
  resolved "https://registry.yarnpkg.com/concat-map/-/concat-map-0.0.1.tgz#d8a96bd77fd68df7793a73036a3ba0d5405d477b"
  integrity sha1-2Klr13/Wjfd5OnMDajug1UBdR3s=

d@1, d@^1.0.1:
  version "1.0.1"
  resolved "https://registry.yarnpkg.com/d/-/d-1.0.1.tgz#8698095372d58dbee346ffd0c7093f99f8f9eb5a"
  integrity sha512-m62ShEObQ39CfralilEQRjH6oAMtNCV1xJyEx5LpRYUVN+EviphDgUc/F3hnYbADmkiNs67Y+3ylmlG7Lnu+FA==
  dependencies:
    es5-ext "^0.10.50"
    type "^1.0.1"

debug@^2.2.0:
  version "2.6.9"
  resolved "https://registry.yarnpkg.com/debug/-/debug-2.6.9.tgz#5d128515df134ff327e90a4c93f4e077a536341f"
  integrity sha512-bC7ElrdJaJnPbAP+1EotYvqZsb3ecl5wi6Bfi6BJTUcNowp6cvspg0jXznRTKDjm/E7AdgFBVeAPVMNcKGsHMA==
  dependencies:
    ms "2.0.0"

debug@^4.1.0:
  version "4.3.3"
  resolved "https://registry.yarnpkg.com/debug/-/debug-4.3.3.tgz#04266e0b70a98d4462e6e288e38259213332b664"
  integrity sha512-/zxw5+vh1Tfv+4Qn7a5nsbcJKPaSvCDhojn6FEl9vupwK2VCSDtEiEtqr8DFtzYFOdz63LBkxec7DYuc2jon6Q==
  dependencies:
    ms "2.1.2"

delayed-stream@~1.0.0:
  version "1.0.0"
  resolved "https://registry.yarnpkg.com/delayed-stream/-/delayed-stream-1.0.0.tgz#df3ae199acadfb7d440aaae0b29e2272b24ec619"
  integrity sha1-3zrhmayt+31ECqrgsp4icrJOxhk=

diff@^4.0.1:
  version "4.0.2"
  resolved "https://registry.yarnpkg.com/diff/-/diff-4.0.2.tgz#60f3aecb89d5fae520c11aa19efc2bb982aade7d"
  integrity sha512-58lmxKSA4BNyLz+HHMUzlOEpg09FV+ev6ZMe3vJihgdxzgcwZ8VoEEPmALCZG9LmqfVoNMMKpttIYTVG6uDY7A==

ed2curve@^0.3.0:
  version "0.3.0"
  resolved "https://registry.yarnpkg.com/ed2curve/-/ed2curve-0.3.0.tgz#322b575152a45305429d546b071823a93129a05d"
  integrity sha512-8w2fmmq3hv9rCrcI7g9hms2pMunQr1JINfcjwR9tAyZqhtyaMN991lF/ZfHfr5tzZQ8c7y7aBgZbjfbd0fjFwQ==
  dependencies:
    tweetnacl "1.x.x"

es5-ext@^0.10.35, es5-ext@^0.10.50:
  version "0.10.53"
  resolved "https://registry.yarnpkg.com/es5-ext/-/es5-ext-0.10.53.tgz#93c5a3acfdbef275220ad72644ad02ee18368de1"
  integrity sha512-Xs2Stw6NiNHWypzRTY1MtaG/uJlwCk8kH81920ma8mvN8Xq1gsfhZvpkImLQArw8AHnv8MT2I45J3c0R8slE+Q==
  dependencies:
    es6-iterator "~2.0.3"
    es6-symbol "~3.1.3"
    next-tick "~1.0.0"

es6-iterator@~2.0.3:
  version "2.0.3"
  resolved "https://registry.yarnpkg.com/es6-iterator/-/es6-iterator-2.0.3.tgz#a7de889141a05a94b0854403b2d0a0fbfa98f3b7"
  integrity sha1-p96IkUGgWpSwhUQDstCg+/qY87c=
  dependencies:
    d "1"
    es5-ext "^0.10.35"
    es6-symbol "^3.1.1"

es6-symbol@^3.1.1, es6-symbol@~3.1.3:
  version "3.1.3"
  resolved "https://registry.yarnpkg.com/es6-symbol/-/es6-symbol-3.1.3.tgz#bad5d3c1bcdac28269f4cb331e431c78ac705d18"
  integrity sha512-NJ6Yn3FuDinBaBRWl/q5X/s4koRHBrgKAu+yGI6JCBeiu3qrcbJhwT2GeR/EXVfylRk8dpQVJoLEFhK+Mu31NA==
  dependencies:
    d "^1.0.1"
    ext "^1.1.2"

escape-string-regexp@^1.0.5:
  version "1.0.5"
  resolved "https://registry.yarnpkg.com/escape-string-regexp/-/escape-string-regexp-1.0.5.tgz#1b61c0562190a8dff6ae3bb2cf0200ca130b86d4"
  integrity sha1-G2HAViGQqN/2rjuyzwIAyhMLhtQ=

esprima@^4.0.0:
  version "4.0.1"
  resolved "https://registry.yarnpkg.com/esprima/-/esprima-4.0.1.tgz#13b04cdb3e6c5d19df91ab6987a8695619b0aa71"
  integrity sha512-eGuFFw7Upda+g4p+QHvnW0RyTX/SVeJBDM/gCtMARO0cLuT2HcEKnTPvhjV6aGeqrCB/sbNop0Kszm0jsaWU4A==

eventemitter3@^4.0.7:
  version "4.0.7"
  resolved "https://registry.yarnpkg.com/eventemitter3/-/eventemitter3-4.0.7.tgz#2de9b68f6528d5644ef5c59526a1b4a07306169f"
  integrity sha512-8guHBZCwKnFhYdHr2ysuRWErTwhoN2X8XELRlrRwpmfeY2jjuUN4taQMsULKUVo1K4DvZl+0pgfyoysHxvmvEw==

ext@^1.1.2:
  version "1.6.0"
  resolved "https://registry.yarnpkg.com/ext/-/ext-1.6.0.tgz#3871d50641e874cc172e2b53f919842d19db4c52"
  integrity sha512-sdBImtzkq2HpkdRLtlLWDa6w4DX22ijZLKx8BMPUuKe1c5lbN6xwQDQCxSfxBQnHZ13ls/FH0MQZx/q/gr6FQg==
  dependencies:
    type "^2.5.0"

form-data@^3.0.0:
  version "3.0.1"
  resolved "https://registry.yarnpkg.com/form-data/-/form-data-3.0.1.tgz#ebd53791b78356a99af9a300d4282c4d5eb9755f"
  integrity sha512-RHkBKtLWUVwd7SqRIvCZMEvAMoGUp0XU+seQiZejj0COz3RI3hWP4sCv3gZWWLjJTd7rGwcsF5eKZGii0r/hbg==
  dependencies:
    asynckit "^0.4.0"
    combined-stream "^1.0.8"
    mime-types "^2.1.12"

fs.realpath@^1.0.0:
  version "1.0.0"
  resolved "https://registry.yarnpkg.com/fs.realpath/-/fs.realpath-1.0.0.tgz#1504ad2523158caa40db4a2787cb01411994ea4f"
  integrity sha1-FQStJSMVjKpA20onh8sBQRmU6k8=

function-bind@^1.1.1:
  version "1.1.1"
  resolved "https://registry.yarnpkg.com/function-bind/-/function-bind-1.1.1.tgz#a56899d3ea3c9bab874bb9773b7c5ede92f4895d"
  integrity sha512-yIovAzMX49sF8Yl58fSCWJ5svSLuaibPxXQJFLmBObTuCr0Mf1KiPopGM9NiFjiYBCbfaa2Fh6breQ6ANVTI0A==

glob@^7.1.1:
  version "7.2.0"
  resolved "https://registry.yarnpkg.com/glob/-/glob-7.2.0.tgz#d15535af7732e02e948f4c41628bd910293f6023"
  integrity sha512-lmLf6gtyrPq8tTjSmrO94wBeQbFR3HbLHbuyD69wuyQkImp2hWqMGB47OX65FBkPffO641IP9jWa1z4ivqG26Q==
  dependencies:
    fs.realpath "^1.0.0"
    inflight "^1.0.4"
    inherits "2"
    minimatch "^3.0.4"
    once "^1.3.0"
    path-is-absolute "^1.0.0"

has-flag@^3.0.0:
  version "3.0.0"
  resolved "https://registry.yarnpkg.com/has-flag/-/has-flag-3.0.0.tgz#b5d454dc2199ae225699f3467e5a07f3b955bafd"
  integrity sha1-tdRU3CGZriJWmfNGfloH87lVuv0=

has@^1.0.3:
  version "1.0.3"
  resolved "https://registry.yarnpkg.com/has/-/has-1.0.3.tgz#722d7cbfc1f6aa8241f16dd814e011e1f41e8796"
  integrity sha512-f2dvO0VU6Oej7RkWJGrehjbzMAjFp5/VKPp5tTpWIV4JHHZK1/BxbFRtf/siA2SWTe09caDmVtYYzWEIbBS4zw==
  dependencies:
    function-bind "^1.1.1"

inflight@^1.0.4:
  version "1.0.6"
  resolved "https://registry.yarnpkg.com/inflight/-/inflight-1.0.6.tgz#49bd6331d7d02d0c09bc910a1075ba8165b56df9"
  integrity sha1-Sb1jMdfQLQwJvJEKEHW6gWW1bfk=
  dependencies:
    once "^1.3.0"
    wrappy "1"

inherits@2:
  version "2.0.4"
  resolved "https://registry.yarnpkg.com/inherits/-/inherits-2.0.4.tgz#0fa2c64f932917c3433a0ded55363aae37416b7c"
  integrity sha512-k/vGaX4/Yla3WzyMCvTQOXYeIHvqOKtnqBduzTHpzpQZzAskKMhZ2K+EnBiSM9zGSoIFeMpXKxa4dYeZIQqewQ==

ip-regex@^4.3.0:
  version "4.3.0"
  resolved "https://registry.yarnpkg.com/ip-regex/-/ip-regex-4.3.0.tgz#687275ab0f57fa76978ff8f4dddc8a23d5990db5"
  integrity sha512-B9ZWJxHHOHUhUjCPrMpLD4xEq35bUTClHM1S6CBU5ixQnkZmwipwgc96vAd7AAGM9TGHvJR+Uss+/Ak6UphK+Q==

is-core-module@^2.8.0:
  version "2.8.1"
  resolved "https://registry.yarnpkg.com/is-core-module/-/is-core-module-2.8.1.tgz#f59fdfca701d5879d0a6b100a40aa1560ce27211"
  integrity sha512-SdNCUs284hr40hFTFP6l0IfZ/RSrMXF3qgoRHd3/79unUTvrFO/JoXwkGm+5J/Oe3E/b5GsnG330uUNgRpu1PA==
  dependencies:
    has "^1.0.3"

is-typedarray@^1.0.0:
  version "1.0.0"
  resolved "https://registry.yarnpkg.com/is-typedarray/-/is-typedarray-1.0.0.tgz#e479c80858df0c1b11ddda6940f96011fcda4a9a"
  integrity sha1-5HnICFjfDBsR3dppQPlgEfzaSpo=

js-tokens@^4.0.0:
  version "4.0.0"
  resolved "https://registry.yarnpkg.com/js-tokens/-/js-tokens-4.0.0.tgz#19203fb59991df98e3a287050d4647cdeaf32499"
  integrity sha512-RdJUflcE3cUzKiMqQgsCu06FPu9UdIJO0beYbPhHN4k6apgJtifcoCtT9bcxOpYBtpD2kCM6Sbzg4CausW/PKQ==

js-yaml@^3.13.1:
  version "3.14.1"
  resolved "https://registry.yarnpkg.com/js-yaml/-/js-yaml-3.14.1.tgz#dae812fdb3825fa306609a8717383c50c36a0537"
  integrity sha512-okMH7OXXJ7YrN9Ok3/SXrnu4iX9yOk+25nqX4imS2npuvTYDmo/QEZoqwZkYaIDk3jVvBOTOIEgEhaLOynBS9g==
  dependencies:
    argparse "^1.0.7"
    esprima "^4.0.0"

json-stringify-safe@^5.0.1:
  version "5.0.1"
  resolved "https://registry.yarnpkg.com/json-stringify-safe/-/json-stringify-safe-5.0.1.tgz#1296a2d58fd45f19a0f6ce01d65701e2c735b6eb"
  integrity sha1-Epai1Y/UXxmg9s4B1lcB4sc1tus=

lodash.set@^4.3.2:
  version "4.3.2"
  resolved "https://registry.yarnpkg.com/lodash.set/-/lodash.set-4.3.2.tgz#d8757b1da807dde24816b0d6a84bea1a76230b23"
  integrity sha1-2HV7HagH3eJIFrDWqEvqGnYjCyM=

micro-base@^0.10.2:
  version "0.10.2"
  resolved "https://registry.yarnpkg.com/micro-base/-/micro-base-0.10.2.tgz#f6f9f0bd949ce511883e5a99f9147d80ddc32f5a"
  integrity sha512-lqqJrT7lfJtDmmiQ4zRLZuIJBk96t0RAc5pCrrWpL9zDeH5i/SUL85mku9HqzTI/OCZ8EQ3aicbMW+eK5Nyu5w==

mime-db@1.51.0:
  version "1.51.0"
  resolved "https://registry.yarnpkg.com/mime-db/-/mime-db-1.51.0.tgz#d9ff62451859b18342d960850dc3cfb77e63fb0c"
  integrity sha512-5y8A56jg7XVQx2mbv1lu49NR4dokRnhZYTtL+KGfaa27uq4pSTXkwQkFJl4pkRMyNFz/EtYDSkiiEHx3F7UN6g==

mime-types@^2.1.12:
  version "2.1.34"
  resolved "https://registry.yarnpkg.com/mime-types/-/mime-types-2.1.34.tgz#5a712f9ec1503511a945803640fafe09d3793c24"
  integrity sha512-6cP692WwGIs9XXdOO4++N+7qjqv0rqxxVvJ3VHPh/Sc9mVZcQP+ZGhkKiTvWMQRr2tbHkJP/Yn7Y0npb3ZBs4A==
  dependencies:
    mime-db "1.51.0"

minimatch@^3.0.4:
  version "3.0.4"
  resolved "https://registry.yarnpkg.com/minimatch/-/minimatch-3.0.4.tgz#5166e286457f03306064be5497e8dbb0c3d32083"
  integrity sha512-yJHVQEhyqPLUTgt9B83PXu6W3rx4MvvHvSUvToogpwoGDOUQ+yDrR0HRot+yOCdCO7u4hX3pWft6kWBBcqh0UA==
  dependencies:
    brace-expansion "^1.1.7"

minimist@^1.2.5:
  version "1.2.5"
  resolved "https://registry.yarnpkg.com/minimist/-/minimist-1.2.5.tgz#67d66014b66a6a8aaa0c083c5fd58df4e4e97602"
  integrity sha512-FM9nNUYrRBAELZQT3xeZQ7fmMOBg6nWNmJKTcgsJeaLstP/UODVpGsr5OhXhhXg6f+qtJ8uiZ+PUxkDWcgIXLw==

mkdirp@^0.5.3:
  version "0.5.5"
  resolved "https://registry.yarnpkg.com/mkdirp/-/mkdirp-0.5.5.tgz#d91cefd62d1436ca0f41620e251288d420099def"
  integrity sha512-NKmAlESf6jMGym1++R0Ra7wvhV+wFW63FaSOFPwRahvea0gMUcGUhVeAg/0BC0wiv9ih5NYPB1Wn1UEI1/L+xQ==
  dependencies:
    minimist "^1.2.5"

mock-socket@^9.1.0:
  version "9.1.0"
  resolved "https://registry.yarnpkg.com/mock-socket/-/mock-socket-9.1.0.tgz#583f5984aa5759909c1b0f43676c669060722596"
  integrity sha512-zNsH8h0D7buVMDZ2X1GyFYso9A1X1Co/TDfFs0AIKhSLkJeh381HYESNl/mL6BzmQpNOxZVnNhEDS1OWBrS+cQ==

ms@2.0.0:
  version "2.0.0"
  resolved "https://registry.yarnpkg.com/ms/-/ms-2.0.0.tgz#5608aeadfc00be6c2901df5f9861788de0d597c8"
  integrity sha1-VgiurfwAvmwpAd9fmGF4jeDVl8g=

ms@2.1.2:
  version "2.1.2"
  resolved "https://registry.yarnpkg.com/ms/-/ms-2.1.2.tgz#d09d1f357b443f493382a8eb3ccd183872ae6009"
  integrity sha512-sGkPx+VjMtmA6MX27oA4FBFELFCZZ4S4XqeGOXCv68tT+jb3vk/RyaKWP0PTKyWtmLSM0b+adUTEvbs1PEaH2w==

next-tick@~1.0.0:
  version "1.0.0"
  resolved "https://registry.yarnpkg.com/next-tick/-/next-tick-1.0.0.tgz#ca86d1fe8828169b0120208e3dc8424b9db8342c"
  integrity sha1-yobR/ogoFpsBICCOPchCS524NCw=

nock@^13.2.2:
  version "13.2.2"
  resolved "https://registry.yarnpkg.com/nock/-/nock-13.2.2.tgz#29a6942250278209c2b3e7a38310f703581b21fa"
  integrity sha512-PcBHuvl9i6zfaJ50A7LS55oU+nFLv8htXIhffJO+FxyfibdZ4jEvd9kTuvkrJireBFIGMZ+oUIRpMK5gU9h//g==
  dependencies:
    debug "^4.1.0"
    json-stringify-safe "^5.0.1"
    lodash.set "^4.3.2"
    propagate "^2.0.0"

node-fetch@^2.6.7:
  version "2.6.7"
  resolved "https://registry.yarnpkg.com/node-fetch/-/node-fetch-2.6.7.tgz#24de9fba827e3b4ae44dc8b20256a379160052ad"
  integrity sha512-ZjMPFEfVx5j+y2yF35Kzx5sF7kDzxuDj6ziH4FFbOp87zKDZNx8yExJIb05OGF4Nlt9IHFIMBkRl41VdvcNdbQ==
  dependencies:
    whatwg-url "^5.0.0"

node-gyp-build@^4.3.0:
  version "4.3.0"
  resolved "https://registry.yarnpkg.com/node-gyp-build/-/node-gyp-build-4.3.0.tgz#9f256b03e5826150be39c764bf51e993946d71a3"
  integrity sha512-iWjXZvmboq0ja1pUGULQBexmxq8CV4xBhX7VDOTbL7ZR4FOowwY/VOtRxBN/yKxmdGoIp4j5ysNT4u3S2pDQ3Q==

once@^1.3.0:
  version "1.4.0"
  resolved "https://registry.yarnpkg.com/once/-/once-1.4.0.tgz#583b1aa775961d4b113ac17d9c50baef9dd76bd1"
  integrity sha1-WDsap3WWHUsROsF9nFC6753Xa9E=
  dependencies:
    wrappy "1"

path-is-absolute@^1.0.0:
  version "1.0.1"
  resolved "https://registry.yarnpkg.com/path-is-absolute/-/path-is-absolute-1.0.1.tgz#174b9268735534ffbc7ace6bf53a5a9e1b5c5f5f"
  integrity sha1-F0uSaHNVNP+8es5r9TpanhtcX18=

path-parse@^1.0.7:
  version "1.0.7"
  resolved "https://registry.yarnpkg.com/path-parse/-/path-parse-1.0.7.tgz#fbc114b60ca42b30d9daf5858e4bd68bbedb6735"
  integrity sha512-LDJzPVEEEPR+y48z93A0Ed0yXb8pAByGWo/k5YYdYgpY2/2EsOsksJrq7lOHxryrVOn1ejG6oAp8ahvOIQD8sw==

propagate@^2.0.0:
  version "2.0.1"
  resolved "https://registry.yarnpkg.com/propagate/-/propagate-2.0.1.tgz#40cdedab18085c792334e64f0ac17256d38f9a45"
  integrity sha512-vGrhOavPSTz4QVNuBNdcNXePNdNMaO1xj9yBeH1ScQPjk/rhg9sSlCXPhMkFuaNNW/syTvYqsnbIJxMBfRbbag==

regenerator-runtime@^0.13.4:
  version "0.13.9"
  resolved "https://registry.yarnpkg.com/regenerator-runtime/-/regenerator-runtime-0.13.9.tgz#8925742a98ffd90814988d7566ad30ca3b263b52"
  integrity sha512-p3VT+cOEgxFsRRA9X4lkI1E+k2/CtnKtU4gcxyaCUreilL/vqI6CdZ3wxVUx3UOUg+gnUOQQcRI7BmSI656MYA==

resolve@^1.3.2:
  version "1.21.0"
  resolved "https://registry.yarnpkg.com/resolve/-/resolve-1.21.0.tgz#b51adc97f3472e6a5cf4444d34bc9d6b9037591f"
  integrity sha512-3wCbTpk5WJlyE4mSOtDLhqQmGFi0/TD9VPwmiolnk8U0wRgMEktqCXd3vy5buTO3tljvalNvKrjHEfrd2WpEKA==
  dependencies:
    is-core-module "^2.8.0"
    path-parse "^1.0.7"
    supports-preserve-symlinks-flag "^1.0.0"

rxjs@^7.5.2:
  version "7.5.2"
  resolved "https://registry.yarnpkg.com/rxjs/-/rxjs-7.5.2.tgz#11e4a3a1dfad85dbf7fb6e33cbba17668497490b"
  integrity sha512-PwDt186XaL3QN5qXj/H9DGyHhP3/RYYgZZwqBv9Tv8rsAaiwFH1IsJJlcgD37J7UW5a6O67qX0KWKS3/pu0m4w==
  dependencies:
    tslib "^2.1.0"

semver@^5.3.0:
  version "5.7.1"
  resolved "https://registry.yarnpkg.com/semver/-/semver-5.7.1.tgz#a954f931aeba508d307bbf069eff0c01c96116f7"
  integrity sha512-sauaDf/PZdVgrLTNYHRtpXa1iRiKcaebiKQ1BJdpQlWH2lCvexQdX55snPFyK7QzpudqbCI0qXFfOasHdyNDGQ==

sprintf-js@~1.0.2:
  version "1.0.3"
  resolved "https://registry.yarnpkg.com/sprintf-js/-/sprintf-js-1.0.3.tgz#04e6926f662895354f3dd015203633b857297e2c"
  integrity sha1-BOaSb2YolTVPPdAVIDYzuFcpfiw=

supports-color@^5.3.0:
  version "5.5.0"
  resolved "https://registry.yarnpkg.com/supports-color/-/supports-color-5.5.0.tgz#e2e69a44ac8772f78a1ec0b35b689df6530efc8f"
  integrity sha512-QjVjwdXIt408MIiAqCX4oUKsgU2EqAGzs2Ppkm4aQYbjm+ZEWEcW4SfFNTr4uMNZma0ey4f5lgLrkB0aX0QMow==
  dependencies:
    has-flag "^3.0.0"

supports-preserve-symlinks-flag@^1.0.0:
  version "1.0.0"
  resolved "https://registry.yarnpkg.com/supports-preserve-symlinks-flag/-/supports-preserve-symlinks-flag-1.0.0.tgz#6eda4bd344a3c94aea376d4cc31bc77311039e09"
  integrity sha512-ot0WnXS9fgdkgIcePe6RHNk1WA8+muPa6cSjeR3V8K27q9BB1rTE3R1p7Hv0z1ZyAc8s6Vvv8DIyWf681MAt0w==

tr46@~0.0.3:
  version "0.0.3"
  resolved "https://registry.yarnpkg.com/tr46/-/tr46-0.0.3.tgz#8184fd347dac9cdc185992f3a6622e14b9d9ab6a"
  integrity sha1-gYT9NH2snNwYWZLzpmIuFLnZq2o=

tslib@^1.13.0, tslib@^1.8.1:
  version "1.14.1"
  resolved "https://registry.yarnpkg.com/tslib/-/tslib-1.14.1.tgz#cf2d38bdc34a134bcaf1091c41f6619e2f672d00"
  integrity sha512-Xni35NKzjgMrwevysHTCArtLDpPvye8zV/0E4EyYn43P7/7qvQwPh9BGkHewbMulVntbigmcT7rdX3BNo9wRJg==

tslib@^2.1.0:
  version "2.3.1"
  resolved "https://registry.yarnpkg.com/tslib/-/tslib-2.3.1.tgz#e8a335add5ceae51aa261d32a490158ef042ef01"
  integrity sha512-77EbyPPpMz+FRFRuAFlWMtmgUWGe9UOG2Z25NqCwiIjRhOf5iKGuzSe5P2w1laq+FkRy4p+PCuVkJSGkzTEKVw==

tslint@^6.1.3:
  version "6.1.3"
  resolved "https://registry.yarnpkg.com/tslint/-/tslint-6.1.3.tgz#5c23b2eccc32487d5523bd3a470e9aa31789d904"
  integrity sha512-IbR4nkT96EQOvKE2PW/djGz8iGNeJ4rF2mBfiYaR/nvUWYKJhLwimoJKgjIFEIDibBtOevj7BqCRL4oHeWWUCg==
  dependencies:
    "@babel/code-frame" "^7.0.0"
    builtin-modules "^1.1.1"
    chalk "^2.3.0"
    commander "^2.12.1"
    diff "^4.0.1"
    glob "^7.1.1"
    js-yaml "^3.13.1"
    minimatch "^3.0.4"
    mkdirp "^0.5.3"
    resolve "^1.3.2"
    semver "^5.3.0"
    tslib "^1.13.0"
    tsutils "^2.29.0"

tsutils@^2.29.0:
  version "2.29.0"
  resolved "https://registry.yarnpkg.com/tsutils/-/tsutils-2.29.0.tgz#32b488501467acbedd4b85498673a0812aca0b99"
  integrity sha512-g5JVHCIJwzfISaXpXE1qvNalca5Jwob6FjI4AoPlqMusJ6ftFE7IkkFoMhVLRgK+4Kx3gkzb8UZK5t5yTTvEmA==
  dependencies:
    tslib "^1.8.1"

tweetnacl@1.x.x, tweetnacl@^1.0.3:
  version "1.0.3"
  resolved "https://registry.yarnpkg.com/tweetnacl/-/tweetnacl-1.0.3.tgz#ac0af71680458d8a6378d0d0d050ab1407d35596"
  integrity sha512-6rt+RN7aOi1nGMyC4Xa5DdYiukl2UWCbcJft7YhxReBGQD7OAM8Pbxw6YMo4r2diNEA8FEmu32YOn9rhaiE5yw==

type@^1.0.1:
  version "1.2.0"
  resolved "https://registry.yarnpkg.com/type/-/type-1.2.0.tgz#848dd7698dafa3e54a6c479e759c4bc3f18847a0"
  integrity sha512-+5nt5AAniqsCnu2cEQQdpzCAh33kVx8n0VoFidKpB1dVVLAN/F+bgVOqOJqOnEnrhp222clB5p3vUlD+1QAnfg==

type@^2.5.0:
  version "2.5.0"
  resolved "https://registry.yarnpkg.com/type/-/type-2.5.0.tgz#0a2e78c2e77907b252abe5f298c1b01c63f0db3d"
  integrity sha512-180WMDQaIMm3+7hGXWf12GtdniDEy7nYcyFMKJn/eZz/6tSLXrUN9V0wKSbMjej0I1WHWbpREDEKHtqPQa9NNw==

typedarray-to-buffer@^3.1.5:
  version "3.1.5"
  resolved "https://registry.yarnpkg.com/typedarray-to-buffer/-/typedarray-to-buffer-3.1.5.tgz#a97ee7a9ff42691b9f783ff1bc5112fe3fca9080"
  integrity sha512-zdu8XMNEDepKKR+XYOXAVPtWui0ly0NtohUscw+UmaHiAWT8hrV1rr//H6V+0DvJ3OQ19S979M0laLfX8rm82Q==
  dependencies:
    is-typedarray "^1.0.0"

typescript@^4.5.4:
  version "4.5.4"
  resolved "https://registry.yarnpkg.com/typescript/-/typescript-4.5.4.tgz#a17d3a0263bf5c8723b9c52f43c5084edf13c2e8"
  integrity sha512-VgYs2A2QIRuGphtzFV7aQJduJ2gyfTljngLzjpfW9FoYZF6xuw1W0vW9ghCKLfcWrCFxK81CSGRAvS1pn4fIUg==

utf-8-validate@^5.0.2:
  version "5.0.8"
  resolved "https://registry.yarnpkg.com/utf-8-validate/-/utf-8-validate-5.0.8.tgz#4a735a61661dbb1c59a0868c397d2fe263f14e58"
  integrity sha512-k4dW/Qja1BYDl2qD4tOMB9PFVha/UJtxTc1cXYOe3WwA/2m0Yn4qB7wLMpJyLJ/7DR0XnTut3HsCSzDT4ZvKgA==
  dependencies:
    node-gyp-build "^4.3.0"

webidl-conversions@^3.0.0:
  version "3.0.1"
  resolved "https://registry.yarnpkg.com/webidl-conversions/-/webidl-conversions-3.0.1.tgz#24534275e2a7bc6be7bc86611cc16ae0a5654871"
  integrity sha1-JFNCdeKnvGvnvIZhHMFq4KVlSHE=

websocket@^1.0.34:
  version "1.0.34"
  resolved "https://registry.yarnpkg.com/websocket/-/websocket-1.0.34.tgz#2bdc2602c08bf2c82253b730655c0ef7dcab3111"
  integrity sha512-PRDso2sGwF6kM75QykIesBijKSVceR6jL2G8NGYyq2XrItNC2P5/qL5XeR056GhA+Ly7JMFvJb9I312mJfmqnQ==
  dependencies:
    bufferutil "^4.0.1"
    debug "^2.2.0"
    es5-ext "^0.10.50"
    typedarray-to-buffer "^3.1.5"
    utf-8-validate "^5.0.2"
    yaeti "^0.0.6"

whatwg-url@^5.0.0:
  version "5.0.0"
  resolved "https://registry.yarnpkg.com/whatwg-url/-/whatwg-url-5.0.0.tgz#966454e8765462e37644d3626f6742ce8b70965d"
  integrity sha1-lmRU6HZUYuN2RNNib2dCzotwll0=
  dependencies:
    tr46 "~0.0.3"
    webidl-conversions "^3.0.0"

wrappy@1:
  version "1.0.2"
  resolved "https://registry.yarnpkg.com/wrappy/-/wrappy-1.0.2.tgz#b5243d8f3ec1aa35f1364605bc0d1036e30ab69f"
  integrity sha1-tSQ9jz7BqjXxNkYFvA0QNuMKtp8=

yaeti@^0.0.6:
  version "0.0.6"
  resolved "https://registry.yarnpkg.com/yaeti/-/yaeti-0.0.6.tgz#f26f484d72684cf42bedfb76970aa1608fbf9577"
  integrity sha1-8m9ITXJoTPQr7ft2lwqhYI+/lXc=
